
Microsoft Visual Studio Solution File, Format Version 12.00
# Visual Studio Version 17
VisualStudioVersion = 17.7.34024.191
MinimumVisualStudioVersion = 10.0.40219.1
Project("{FAE04EC0-301F-11D3-BF4B-00C04F79EFBC}") = "MidTerm New", "MidTerm New.csproj", "{415DF4BD-CF0F-4B8D-AC3C-B8E26D73D358}"
EndProject
Global
	GlobalSection(SolutionConfigurationPlatforms) = preSolution
		Debug|Any CPU = Debug|Any CPU
		Release|Any CPU = Release|Any CPU
	EndGlobalSection
	GlobalSection(ProjectConfigurationPlatforms) = postSolution
		{415DF4BD-CF0F-4B8D-AC3C-B8E26D73D358}.Debug|Any CPU.ActiveCfg = Debug|Any CPU
		{415DF4BD-CF0F-4B8D-AC3C-B8E26D73D358}.Debug|Any CPU.Build.0 = Debug|Any CPU
		{415DF4BD-CF0F-4B8D-AC3C-B8E26D73D358}.Release|Any CPU.ActiveCfg = Release|Any CPU
		{415DF4BD-CF0F-4B8D-AC3C-B8E26D73D358}.Release|Any CPU.Build.0 = Release|Any CPU
	EndGlobalSection
	GlobalSection(SolutionProperties) = preSolution
		HideSolutionNode = FALSE
	EndGlobalSection
	GlobalSection(ExtensibilityGlobals) = postSolution
		SolutionGuid = {EDE2219F-998B-4045-B759-9313581E87B6}
	EndGlobalSection
EndGlobal
